// !$*UTF8*$!
{
	archiveVersion = 1;
	classes = {
	};
	objectVersion = 46;
	objects = {

/* Begin PBXBuildFile section */
		211F3F461C285A4700D31927 /* AppDelegate.swift in Sources */ = {isa = PBXBuildFile; fileRef = 211F3F451C285A4700D31927 /* AppDelegate.swift */; };
		211F3F481C285A4700D31927 /* MasterViewController.swift in Sources */ = {isa = PBXBuildFile; fileRef = 211F3F471C285A4700D31927 /* MasterViewController.swift */; };
		211F3F4A1C285A4700D31927 /* DetailViewController.swift in Sources */ = {isa = PBXBuildFile; fileRef = 211F3F491C285A4700D31927 /* DetailViewController.swift */; };
		211F3F4D1C285A4700D31927 /* Main.storyboard in Resources */ = {isa = PBXBuildFile; fileRef = 211F3F4B1C285A4700D31927 /* Main.storyboard */; };
		211F3F4F1C285A4700D31927 /* Assets.xcassets in Resources */ = {isa = PBXBuildFile; fileRef = 211F3F4E1C285A4700D31927 /* Assets.xcassets */; };
		211F3F521C285A4700D31927 /* LaunchScreen.storyboard in Resources */ = {isa = PBXBuildFile; fileRef = 211F3F501C285A4700D31927 /* LaunchScreen.storyboard */; };
		21AC87BA1C28C2AE00A17546 /* FacebookSessionHandler.swift in Sources */ = {isa = PBXBuildFile; fileRef = 21AC87B91C28C2AE00A17546 /* FacebookSessionHandler.swift */; };
		21AC87BC1C28C44B00A17546 /* BasicAppNavigationManager.swift in Sources */ = {isa = PBXBuildFile; fileRef = 21AC87BB1C28C44B00A17546 /* BasicAppNavigationManager.swift */; };
		21AC87BF1C28C86700A17546 /* AppDependencies.swift in Sources */ = {isa = PBXBuildFile; fileRef = 21AC87BE1C28C86700A17546 /* AppDependencies.swift */; };
		21AC87C11C28C8D500A17546 /* RSSDataReader.swift in Sources */ = {isa = PBXBuildFile; fileRef = 21AC87C01C28C8D500A17546 /* RSSDataReader.swift */; };
		21AC87CA1C28D61100A17546 /* Utils.swift in Sources */ = {isa = PBXBuildFile; fileRef = 21AC87C91C28D61100A17546 /* Utils.swift */; };
		21AC87CC1C28D64E00A17546 /* Extensions.swift in Sources */ = {isa = PBXBuildFile; fileRef = 21AC87CB1C28D64E00A17546 /* Extensions.swift */; };
		21AC87CD1C28DA4100A17546 /* FBSDKCoreKit.framework in Frameworks */ = {isa = PBXBuildFile; fileRef = 21AC87C51C28CA5A00A17546 /* FBSDKCoreKit.framework */; };
		21AC87CE1C28DA4100A17546 /* FBSDKLoginKit.framework in Frameworks */ = {isa = PBXBuildFile; fileRef = 21AC87C61C28CA5A00A17546 /* FBSDKLoginKit.framework */; };
		21AC87D01C29656200A17546 /* FacebookLoginButtonView.swift in Sources */ = {isa = PBXBuildFile; fileRef = 21AC87CF1C29656200A17546 /* FacebookLoginButtonView.swift */; };
		21AC87D41C2965DF00A17546 /* Detail.storyboard in Resources */ = {isa = PBXBuildFile; fileRef = 21AC87D31C2965DF00A17546 /* Detail.storyboard */; };
		21AC87D81C296DD800A17546 /* NewsFeedTableViewCell.swift in Sources */ = {isa = PBXBuildFile; fileRef = 21AC87D71C296DD800A17546 /* NewsFeedTableViewCell.swift */; };
		21AC87DB1C296E4000A17546 /* Profile.storyboard in Resources */ = {isa = PBXBuildFile; fileRef = 21AC87DA1C296E4000A17546 /* Profile.storyboard */; };
		21AC87DD1C296E9100A17546 /* ProfileViewController.swift in Sources */ = {isa = PBXBuildFile; fileRef = 21AC87DC1C296E9100A17546 /* ProfileViewController.swift */; };
		21AC87DF1C296FF200A17546 /* .gitignore in Resources */ = {isa = PBXBuildFile; fileRef = 21AC87DE1C296FF200A17546 /* .gitignore */; };
		21AC87E21C29D62600A17546 /* Login.storyboard in Resources */ = {isa = PBXBuildFile; fileRef = 21AC87E11C29D62600A17546 /* Login.storyboard */; };
		21AC87E41C2A13C900A17546 /* LoginFeedCollectionViewController.swift in Sources */ = {isa = PBXBuildFile; fileRef = 21AC87E31C2A13C900A17546 /* LoginFeedCollectionViewController.swift */; };
		21AC87E61C2A142400A17546 /* LoginFeedCollectionViewCell.swift in Sources */ = {isa = PBXBuildFile; fileRef = 21AC87E51C2A142400A17546 /* LoginFeedCollectionViewCell.swift */; };
		21AC87E81C2A143E00A17546 /* LoginViewController.swift in Sources */ = {isa = PBXBuildFile; fileRef = 21AC87E71C2A143E00A17546 /* LoginViewController.swift */; };
		21AC87EA1C2A28F900A17546 /* RSSSubscriptionDataManager.swift in Sources */ = {isa = PBXBuildFile; fileRef = 21AC87E91C2A28F900A17546 /* RSSSubscriptionDataManager.swift */; };
		21AC87EC1C2ACD2100A17546 /* SuggestionsTableViewController.swift in Sources */ = {isa = PBXBuildFile; fileRef = 21AC87EB1C2ACD2100A17546 /* SuggestionsTableViewController.swift */; };
		21AC87EE1C2AD5CF00A17546 /* SubscriptionsTableViewController.swift in Sources */ = {isa = PBXBuildFile; fileRef = 21AC87ED1C2AD5CF00A17546 /* SubscriptionsTableViewController.swift */; };
		21AC87F01C2AEEE900A17546 /* SuggestionTableViewCell.swift in Sources */ = {isa = PBXBuildFile; fileRef = 21AC87EF1C2AEEE900A17546 /* SuggestionTableViewCell.swift */; };
		21AC87F21C2AEEFA00A17546 /* SubscriptionTableViewCell.swift in Sources */ = {isa = PBXBuildFile; fileRef = 21AC87F11C2AEEFA00A17546 /* SubscriptionTableViewCell.swift */; };
/* End PBXBuildFile section */

/* Begin PBXFileReference section */
		211F3F421C285A4700D31927 /* RSSReader.app */ = {isa = PBXFileReference; explicitFileType = wrapper.application; includeInIndex = 0; path = RSSReader.app; sourceTree = BUILT_PRODUCTS_DIR; };
		211F3F451C285A4700D31927 /* AppDelegate.swift */ = {isa = PBXFileReference; lastKnownFileType = sourcecode.swift; path = AppDelegate.swift; sourceTree = "<group>"; };
		211F3F471C285A4700D31927 /* MasterViewController.swift */ = {isa = PBXFileReference; lastKnownFileType = sourcecode.swift; path = MasterViewController.swift; sourceTree = "<group>"; };
		211F3F491C285A4700D31927 /* DetailViewController.swift */ = {isa = PBXFileReference; lastKnownFileType = sourcecode.swift; path = DetailViewController.swift; sourceTree = "<group>"; };
		211F3F4C1C285A4700D31927 /* Base */ = {isa = PBXFileReference; lastKnownFileType = file.storyboard; name = Base; path = Base.lproj/Main.storyboard; sourceTree = "<group>"; };
		211F3F4E1C285A4700D31927 /* Assets.xcassets */ = {isa = PBXFileReference; lastKnownFileType = folder.assetcatalog; path = Assets.xcassets; sourceTree = "<group>"; };
		211F3F511C285A4700D31927 /* Base */ = {isa = PBXFileReference; lastKnownFileType = file.storyboard; name = Base; path = Base.lproj/LaunchScreen.storyboard; sourceTree = "<group>"; };
		211F3F531C285A4700D31927 /* Info.plist */ = {isa = PBXFileReference; lastKnownFileType = text.plist.xml; path = Info.plist; sourceTree = "<group>"; };
		21AC87B91C28C2AE00A17546 /* FacebookSessionHandler.swift */ = {isa = PBXFileReference; fileEncoding = 4; lastKnownFileType = sourcecode.swift; path = FacebookSessionHandler.swift; sourceTree = "<group>"; };
		21AC87BB1C28C44B00A17546 /* BasicAppNavigationManager.swift */ = {isa = PBXFileReference; fileEncoding = 4; lastKnownFileType = sourcecode.swift; path = BasicAppNavigationManager.swift; sourceTree = "<group>"; };
		21AC87BE1C28C86700A17546 /* AppDependencies.swift */ = {isa = PBXFileReference; fileEncoding = 4; lastKnownFileType = sourcecode.swift; path = AppDependencies.swift; sourceTree = "<group>"; };
		21AC87C01C28C8D500A17546 /* RSSDataReader.swift */ = {isa = PBXFileReference; fileEncoding = 4; lastKnownFileType = sourcecode.swift; path = RSSDataReader.swift; sourceTree = "<group>"; };
		21AC87C51C28CA5A00A17546 /* FBSDKCoreKit.framework */ = {isa = PBXFileReference; lastKnownFileType = wrapper.framework; name = FBSDKCoreKit.framework; path = Resources/FBSDKCoreKit.framework; sourceTree = "<group>"; };
		21AC87C61C28CA5A00A17546 /* FBSDKLoginKit.framework */ = {isa = PBXFileReference; lastKnownFileType = wrapper.framework; name = FBSDKLoginKit.framework; path = Resources/FBSDKLoginKit.framework; sourceTree = "<group>"; };
		21AC87C91C28D61100A17546 /* Utils.swift */ = {isa = PBXFileReference; fileEncoding = 4; lastKnownFileType = sourcecode.swift; path = Utils.swift; sourceTree = "<group>"; };
		21AC87CB1C28D64E00A17546 /* Extensions.swift */ = {isa = PBXFileReference; fileEncoding = 4; lastKnownFileType = sourcecode.swift; path = Extensions.swift; sourceTree = "<group>"; };
		21AC87CF1C29656200A17546 /* FacebookLoginButtonView.swift */ = {isa = PBXFileReference; fileEncoding = 4; lastKnownFileType = sourcecode.swift; path = FacebookLoginButtonView.swift; sourceTree = "<group>"; };
		21AC87D31C2965DF00A17546 /* Detail.storyboard */ = {isa = PBXFileReference; fileEncoding = 4; lastKnownFileType = file.storyboard; path = Detail.storyboard; sourceTree = "<group>"; };
		21AC87D71C296DD800A17546 /* NewsFeedTableViewCell.swift */ = {isa = PBXFileReference; fileEncoding = 4; lastKnownFileType = sourcecode.swift; path = NewsFeedTableViewCell.swift; sourceTree = "<group>"; };
		21AC87DA1C296E4000A17546 /* Profile.storyboard */ = {isa = PBXFileReference; fileEncoding = 4; lastKnownFileType = file.storyboard; path = Profile.storyboard; sourceTree = "<group>"; };
		21AC87DC1C296E9100A17546 /* ProfileViewController.swift */ = {isa = PBXFileReference; fileEncoding = 4; lastKnownFileType = sourcecode.swift; path = ProfileViewController.swift; sourceTree = "<group>"; };
		21AC87DE1C296FF200A17546 /* .gitignore */ = {isa = PBXFileReference; fileEncoding = 4; lastKnownFileType = text; path = .gitignore; sourceTree = "<group>"; };
		21AC87E11C29D62600A17546 /* Login.storyboard */ = {isa = PBXFileReference; fileEncoding = 4; lastKnownFileType = file.storyboard; path = Login.storyboard; sourceTree = "<group>"; };
		21AC87E31C2A13C900A17546 /* LoginFeedCollectionViewController.swift */ = {isa = PBXFileReference; fileEncoding = 4; lastKnownFileType = sourcecode.swift; path = LoginFeedCollectionViewController.swift; sourceTree = "<group>"; };
		21AC87E51C2A142400A17546 /* LoginFeedCollectionViewCell.swift */ = {isa = PBXFileReference; fileEncoding = 4; lastKnownFileType = sourcecode.swift; path = LoginFeedCollectionViewCell.swift; sourceTree = "<group>"; };
		21AC87E71C2A143E00A17546 /* LoginViewController.swift */ = {isa = PBXFileReference; fileEncoding = 4; lastKnownFileType = sourcecode.swift; path = LoginViewController.swift; sourceTree = "<group>"; };
		21AC87E91C2A28F900A17546 /* RSSSubscriptionDataManager.swift */ = {isa = PBXFileReference; fileEncoding = 4; lastKnownFileType = sourcecode.swift; path = RSSSubscriptionDataManager.swift; sourceTree = "<group>"; };
		21AC87EB1C2ACD2100A17546 /* SuggestionsTableViewController.swift */ = {isa = PBXFileReference; fileEncoding = 4; lastKnownFileType = sourcecode.swift; path = SuggestionsTableViewController.swift; sourceTree = "<group>"; };
		21AC87ED1C2AD5CF00A17546 /* SubscriptionsTableViewController.swift */ = {isa = PBXFileReference; fileEncoding = 4; lastKnownFileType = sourcecode.swift; path = SubscriptionsTableViewController.swift; sourceTree = "<group>"; };
		21AC87EF1C2AEEE900A17546 /* SuggestionTableViewCell.swift */ = {isa = PBXFileReference; fileEncoding = 4; lastKnownFileType = sourcecode.swift; path = SuggestionTableViewCell.swift; sourceTree = "<group>"; };
		21AC87F11C2AEEFA00A17546 /* SubscriptionTableViewCell.swift */ = {isa = PBXFileReference; fileEncoding = 4; lastKnownFileType = sourcecode.swift; path = SubscriptionTableViewCell.swift; sourceTree = "<group>"; };
/* End PBXFileReference section */

/* Begin PBXFrameworksBuildPhase section */
		211F3F3F1C285A4700D31927 /* Frameworks */ = {
			isa = PBXFrameworksBuildPhase;
			buildActionMask = 2147483647;
			files = (
				21AC87CD1C28DA4100A17546 /* FBSDKCoreKit.framework in Frameworks */,
				21AC87CE1C28DA4100A17546 /* FBSDKLoginKit.framework in Frameworks */,
			);
			runOnlyForDeploymentPostprocessing = 0;
		};
/* End PBXFrameworksBuildPhase section */

/* Begin PBXGroup section */
		211F3F391C285A4700D31927 = {
			isa = PBXGroup;
			children = (
				21AC87DE1C296FF200A17546 /* .gitignore */,
				21AC87C51C28CA5A00A17546 /* FBSDKCoreKit.framework */,
				21AC87C61C28CA5A00A17546 /* FBSDKLoginKit.framework */,
				211F3F441C285A4700D31927 /* RSSReader */,
				211F3F431C285A4700D31927 /* Products */,
			);
			sourceTree = "<group>";
		};
		211F3F431C285A4700D31927 /* Products */ = {
			isa = PBXGroup;
			children = (
				211F3F421C285A4700D31927 /* RSSReader.app */,
			);
			name = Products;
			sourceTree = "<group>";
		};
		211F3F441C285A4700D31927 /* RSSReader */ = {
			isa = PBXGroup;
			children = (
				211F3F5D1C285A6E00D31927 /* Utils */,
				211F3F5A1C285A5500D31927 /* View */,
				211F3F591C285A4E00D31927 /* Core */,
				211F3F451C285A4700D31927 /* AppDelegate.swift */,
				21AC87BE1C28C86700A17546 /* AppDependencies.swift */,
				211F3F5C1C285A6500D31927 /* Supporting Files */,
			);
			path = RSSReader;
			sourceTree = "<group>";
		};
		211F3F591C285A4E00D31927 /* Core */ = {
			isa = PBXGroup;
			children = (
				21AC87B91C28C2AE00A17546 /* FacebookSessionHandler.swift */,
				21AC87BB1C28C44B00A17546 /* BasicAppNavigationManager.swift */,
				21AC87E91C2A28F900A17546 /* RSSSubscriptionDataManager.swift */,
				21AC87C01C28C8D500A17546 /* RSSDataReader.swift */,
			);
			name = Core;
			sourceTree = "<group>";
		};
		211F3F5A1C285A5500D31927 /* View */ = {
			isa = PBXGroup;
			children = (
				21AC87E01C29D61700A17546 /* Login */,
				211F3F5E1C285A8C00D31927 /* Main */,
				21AC87D91C296E2E00A17546 /* Profile */,
			);
			name = View;
			sourceTree = "<group>";
		};
		211F3F5C1C285A6500D31927 /* Supporting Files */ = {
			isa = PBXGroup;
			children = (
				211F3F531C285A4700D31927 /* Info.plist */,
				211F3F501C285A4700D31927 /* LaunchScreen.storyboard */,
				211F3F4E1C285A4700D31927 /* Assets.xcassets */,
			);
			name = "Supporting Files";
			sourceTree = "<group>";
		};
		211F3F5D1C285A6E00D31927 /* Utils */ = {
			isa = PBXGroup;
			children = (
				21AC87C91C28D61100A17546 /* Utils.swift */,
				21AC87CB1C28D64E00A17546 /* Extensions.swift */,
				21AC87CF1C29656200A17546 /* FacebookLoginButtonView.swift */,
			);
			name = Utils;
			sourceTree = "<group>";
		};
		211F3F5E1C285A8C00D31927 /* Main */ = {
			isa = PBXGroup;
			children = (
				211F3F4B1C285A4700D31927 /* Main.storyboard */,
				21AC87D31C2965DF00A17546 /* Detail.storyboard */,
				211F3F471C285A4700D31927 /* MasterViewController.swift */,
				211F3F491C285A4700D31927 /* DetailViewController.swift */,
				21AC87D71C296DD800A17546 /* NewsFeedTableViewCell.swift */,
			);
			name = Main;
			sourceTree = "<group>";
		};
		21AC87D91C296E2E00A17546 /* Profile */ = {
			isa = PBXGroup;
			children = (
				21AC87DA1C296E4000A17546 /* Profile.storyboard */,
				21AC87DC1C296E9100A17546 /* ProfileViewController.swift */,
				21AC87EB1C2ACD2100A17546 /* SuggestionsTableViewController.swift */,
				21AC87ED1C2AD5CF00A17546 /* SubscriptionsTableViewController.swift */,
				21AC87EF1C2AEEE900A17546 /* SuggestionTableViewCell.swift */,
				21AC87F11C2AEEFA00A17546 /* SubscriptionTableViewCell.swift */,
			);
			name = Profile;
			sourceTree = "<group>";
		};
		21AC87E01C29D61700A17546 /* Login */ = {
			isa = PBXGroup;
			children = (
				21AC87E11C29D62600A17546 /* Login.storyboard */,
				21AC87E71C2A143E00A17546 /* LoginViewController.swift */,
				21AC87E31C2A13C900A17546 /* LoginFeedCollectionViewController.swift */,
				21AC87E51C2A142400A17546 /* LoginFeedCollectionViewCell.swift */,
			);
			name = Login;
			sourceTree = "<group>";
		};
/* End PBXGroup section */

/* Begin PBXNativeTarget section */
		211F3F411C285A4700D31927 /* RSSReader */ = {
			isa = PBXNativeTarget;
			buildConfigurationList = 211F3F561C285A4700D31927 /* Build configuration list for PBXNativeTarget "RSSReader" */;
			buildPhases = (
				211F3F3E1C285A4700D31927 /* Sources */,
				211F3F3F1C285A4700D31927 /* Frameworks */,
				211F3F401C285A4700D31927 /* Resources */,
			);
			buildRules = (
			);
			dependencies = (
			);
			name = RSSReader;
			productName = RSSReader;
			productReference = 211F3F421C285A4700D31927 /* RSSReader.app */;
			productType = "com.apple.product-type.application";
		};
/* End PBXNativeTarget section */

/* Begin PBXProject section */
		211F3F3A1C285A4700D31927 /* Project object */ = {
			isa = PBXProject;
			attributes = {
				LastSwiftUpdateCheck = 0720;
				LastUpgradeCheck = 0720;
				ORGANIZATIONNAME = "Gujgiczer Máté";
				TargetAttributes = {
					211F3F411C285A4700D31927 = {
						CreatedOnToolsVersion = 7.2;
					};
				};
			};
			buildConfigurationList = 211F3F3D1C285A4700D31927 /* Build configuration list for PBXProject "RSSReader" */;
			compatibilityVersion = "Xcode 3.2";
			developmentRegion = English;
			hasScannedForEncodings = 0;
			knownRegions = (
				en,
				Base,
			);
			mainGroup = 211F3F391C285A4700D31927;
			productRefGroup = 211F3F431C285A4700D31927 /* Products */;
			projectDirPath = "";
			projectRoot = "";
			targets = (
				211F3F411C285A4700D31927 /* RSSReader */,
			);
		};
/* End PBXProject section */

/* Begin PBXResourcesBuildPhase section */
		211F3F401C285A4700D31927 /* Resources */ = {
			isa = PBXResourcesBuildPhase;
			buildActionMask = 2147483647;
			files = (
				211F3F521C285A4700D31927 /* LaunchScreen.storyboard in Resources */,
				211F3F4F1C285A4700D31927 /* Assets.xcassets in Resources */,
				21AC87E21C29D62600A17546 /* Login.storyboard in Resources */,
				21AC87DB1C296E4000A17546 /* Profile.storyboard in Resources */,
				21AC87D41C2965DF00A17546 /* Detail.storyboard in Resources */,
				21AC87DF1C296FF200A17546 /* .gitignore in Resources */,
				211F3F4D1C285A4700D31927 /* Main.storyboard in Resources */,
			);
			runOnlyForDeploymentPostprocessing = 0;
		};
/* End PBXResourcesBuildPhase section */

/* Begin PBXSourcesBuildPhase section */
		211F3F3E1C285A4700D31927 /* Sources */ = {
			isa = PBXSourcesBuildPhase;
			buildActionMask = 2147483647;
			files = (
				21AC87BF1C28C86700A17546 /* AppDependencies.swift in Sources */,
				21AC87D81C296DD800A17546 /* NewsFeedTableViewCell.swift in Sources */,
				21AC87C11C28C8D500A17546 /* RSSDataReader.swift in Sources */,
				21AC87F21C2AEEFA00A17546 /* SubscriptionTableViewCell.swift in Sources */,
				21AC87D01C29656200A17546 /* FacebookLoginButtonView.swift in Sources */,
				21AC87DD1C296E9100A17546 /* ProfileViewController.swift in Sources */,
				21AC87CA1C28D61100A17546 /* Utils.swift in Sources */,
				21AC87E41C2A13C900A17546 /* LoginFeedCollectionViewController.swift in Sources */,
				21AC87F01C2AEEE900A17546 /* SuggestionTableViewCell.swift in Sources */,
				211F3F4A1C285A4700D31927 /* DetailViewController.swift in Sources */,
				21AC87BA1C28C2AE00A17546 /* FacebookSessionHandler.swift in Sources */,
				21AC87E61C2A142400A17546 /* LoginFeedCollectionViewCell.swift in Sources */,
				21AC87EE1C2AD5CF00A17546 /* SubscriptionsTableViewController.swift in Sources */,
				21AC87CC1C28D64E00A17546 /* Extensions.swift in Sources */,
				211F3F481C285A4700D31927 /* MasterViewController.swift in Sources */,
				21AC87E81C2A143E00A17546 /* LoginViewController.swift in Sources */,
				211F3F461C285A4700D31927 /* AppDelegate.swift in Sources */,
				21AC87EC1C2ACD2100A17546 /* SuggestionsTableViewController.swift in Sources */,
				21AC87EA1C2A28F900A17546 /* RSSSubscriptionDataManager.swift in Sources */,
				21AC87BC1C28C44B00A17546 /* BasicAppNavigationManager.swift in Sources */,
			);
			runOnlyForDeploymentPostprocessing = 0;
		};
/* End PBXSourcesBuildPhase section */

/* Begin PBXVariantGroup section */
		211F3F4B1C285A4700D31927 /* Main.storyboard */ = {
			isa = PBXVariantGroup;
			children = (
				211F3F4C1C285A4700D31927 /* Base */,
			);
			name = Main.storyboard;
			sourceTree = "<group>";
		};
		211F3F501C285A4700D31927 /* LaunchScreen.storyboard */ = {
			isa = PBXVariantGroup;
			children = (
				211F3F511C285A4700D31927 /* Base */,
			);
			name = LaunchScreen.storyboard;
			sourceTree = "<group>";
		};
/* End PBXVariantGroup section */

/* Begin XCBuildConfiguration section */
		211F3F541C285A4700D31927 /* Debug */ = {
			isa = XCBuildConfiguration;
			buildSettings = {
				ALWAYS_SEARCH_USER_PATHS = NO;
				CLANG_CXX_LANGUAGE_STANDARD = "gnu++0x";
				CLANG_CXX_LIBRARY = "libc++";
				CLANG_ENABLE_MODULES = YES;
				CLANG_ENABLE_OBJC_ARC = YES;
				CLANG_WARN_BOOL_CONVERSION = YES;
				CLANG_WARN_CONSTANT_CONVERSION = YES;
				CLANG_WARN_DIRECT_OBJC_ISA_USAGE = YES_ERROR;
				CLANG_WARN_EMPTY_BODY = YES;
				CLANG_WARN_ENUM_CONVERSION = YES;
				CLANG_WARN_INT_CONVERSION = YES;
				CLANG_WARN_OBJC_ROOT_CLASS = YES_ERROR;
				CLANG_WARN_UNREACHABLE_CODE = YES;
				CLANG_WARN__DUPLICATE_METHOD_MATCH = YES;
				"CODE_SIGN_IDENTITY[sdk=iphoneos*]" = "iPhone Developer";
				COPY_PHASE_STRIP = NO;
				DEBUG_INFORMATION_FORMAT = dwarf;
				ENABLE_STRICT_OBJC_MSGSEND = YES;
				ENABLE_TESTABILITY = YES;
				GCC_C_LANGUAGE_STANDARD = gnu99;
				GCC_DYNAMIC_NO_PIC = NO;
				GCC_NO_COMMON_BLOCKS = YES;
				GCC_OPTIMIZATION_LEVEL = 0;
				GCC_PREPROCESSOR_DEFINITIONS = (
					"DEBUG=1",
					"$(inherited)",
				);
				GCC_WARN_64_TO_32_BIT_CONVERSION = YES;
				GCC_WARN_ABOUT_RETURN_TYPE = YES_ERROR;
				GCC_WARN_UNDECLARED_SELECTOR = YES;
				GCC_WARN_UNINITIALIZED_AUTOS = YES_AGGRESSIVE;
				GCC_WARN_UNUSED_FUNCTION = YES;
				GCC_WARN_UNUSED_VARIABLE = YES;
				IPHONEOS_DEPLOYMENT_TARGET = 9.2;
				MTL_ENABLE_DEBUG_INFO = YES;
				ONLY_ACTIVE_ARCH = YES;
				SDKROOT = iphoneos;
				SWIFT_OPTIMIZATION_LEVEL = "-Onone";
				TARGETED_DEVICE_FAMILY = "1,2";
			};
			name = Debug;
		};
		211F3F551C285A4700D31927 /* Release */ = {
			isa = XCBuildConfiguration;
			buildSettings = {
				ALWAYS_SEARCH_USER_PATHS = NO;
				CLANG_CXX_LANGUAGE_STANDARD = "gnu++0x";
				CLANG_CXX_LIBRARY = "libc++";
				CLANG_ENABLE_MODULES = YES;
				CLANG_ENABLE_OBJC_ARC = YES;
				CLANG_WARN_BOOL_CONVERSION = YES;
				CLANG_WARN_CONSTANT_CONVERSION = YES;
				CLANG_WARN_DIRECT_OBJC_ISA_USAGE = YES_ERROR;
				CLANG_WARN_EMPTY_BODY = YES;
				CLANG_WARN_ENUM_CONVERSION = YES;
				CLANG_WARN_INT_CONVERSION = YES;
				CLANG_WARN_OBJC_ROOT_CLASS = YES_ERROR;
				CLANG_WARN_UNREACHABLE_CODE = YES;
				CLANG_WARN__DUPLICATE_METHOD_MATCH = YES;
				"CODE_SIGN_IDENTITY[sdk=iphoneos*]" = "iPhone Developer";
				COPY_PHASE_STRIP = NO;
				DEBUG_INFORMATION_FORMAT = "dwarf-with-dsym";
				ENABLE_NS_ASSERTIONS = NO;
				ENABLE_STRICT_OBJC_MSGSEND = YES;
				GCC_C_LANGUAGE_STANDARD = gnu99;
				GCC_NO_COMMON_BLOCKS = YES;
				GCC_WARN_64_TO_32_BIT_CONVERSION = YES;
				GCC_WARN_ABOUT_RETURN_TYPE = YES_ERROR;
				GCC_WARN_UNDECLARED_SELECTOR = YES;
				GCC_WARN_UNINITIALIZED_AUTOS = YES_AGGRESSIVE;
				GCC_WARN_UNUSED_FUNCTION = YES;
				GCC_WARN_UNUSED_VARIABLE = YES;
				IPHONEOS_DEPLOYMENT_TARGET = 9.2;
				MTL_ENABLE_DEBUG_INFO = NO;
				SDKROOT = iphoneos;
				TARGETED_DEVICE_FAMILY = "1,2";
				VALIDATE_PRODUCT = YES;
			};
			name = Release;
		};
		211F3F571C285A4700D31927 /* Debug */ = {
			isa = XCBuildConfiguration;
			buildSettings = {
				ASSETCATALOG_COMPILER_APPICON_NAME = AppIcon;
				ENABLE_BITCODE = NO;
				FRAMEWORK_SEARCH_PATHS = (
					"$(inherited)",
					"$(PROJECT_DIR)/Resources",
				);
				INFOPLIST_FILE = RSSReader/Info.plist;
				LD_RUNPATH_SEARCH_PATHS = "$(inherited) @executable_path/Frameworks";
				PRODUCT_BUNDLE_IDENTIFIER = com.gujci.RSSReader;
				PRODUCT_NAME = "$(TARGET_NAME)";
			};
			name = Debug;
		};
		211F3F581C285A4700D31927 /* Release */ = {
			isa = XCBuildConfiguration;
			buildSettings = {
				ASSETCATALOG_COMPILER_APPICON_NAME = AppIcon;
				ENABLE_BITCODE = NO;
				FRAMEWORK_SEARCH_PATHS = (
					"$(inherited)",
					"$(PROJECT_DIR)/Resources",
				);
				INFOPLIST_FILE = RSSReader/Info.plist;
				LD_RUNPATH_SEARCH_PATHS = "$(inherited) @executable_path/Frameworks";
				PRODUCT_BUNDLE_IDENTIFIER = com.gujci.RSSReader;
				PRODUCT_NAME = "$(TARGET_NAME)";
			};
			name = Release;
		};
/* End XCBuildConfiguration section */

/* Begin XCConfigurationList section */
		211F3F3D1C285A4700D31927 /* Build configuration list for PBXProject "RSSReader" */ = {
			isa = XCConfigurationList;
			buildConfigurations = (
				211F3F541C285A4700D31927 /* Debug */,
				211F3F551C285A4700D31927 /* Release */,
			);
			defaultConfigurationIsVisible = 0;
			defaultConfigurationName = Release;
		};
		211F3F561C285A4700D31927 /* Build configuration list for PBXNativeTarget "RSSReader" */ = {
			isa = XCConfigurationList;
			buildConfigurations = (
				211F3F571C285A4700D31927 /* Debug */,
				211F3F581C285A4700D31927 /* Release */,
			);
			defaultConfigurationIsVisible = 0;
			defaultConfigurationName = Release;
		};
/* End XCConfigurationList section */
	};
	rootObject = 211F3F3A1C285A4700D31927 /* Project object */;
}
